
Microsoft Visual Studio Solution File, Format Version 12.00
# Visual Studio Version 17
VisualStudioVersion = 17.5.002.0
MinimumVisualStudioVersion = 10.0.40219.1
Project("{9A19103F-16F7-4668-BE54-9A1E7A4F7556}") = "api", "api\api.csproj", "{0B6E63AB-3680-438E-9EC0-FF4376B2BC90}"
EndProject
Global
	GlobalSection(SolutionConfigurationPlatforms) = preSolution
		Debug|Any CPU = Debug|Any CPU
		Release|Any CPU = Release|Any CPU
	EndGlobalSection
	GlobalSection(ProjectConfigurationPlatforms) = postSolution
		{0B6E63AB-3680-438E-9EC0-FF4376B2BC90}.Debug|Any CPU.ActiveCfg = Debug|Any CPU
		{0B6E63AB-3680-438E-9EC0-FF4376B2BC90}.Debug|Any CPU.Build.0 = Debug|Any CPU
		{0B6E63AB-3680-438E-9EC0-FF4376B2BC90}.Release|Any CPU.ActiveCfg = Release|Any CPU
		{0B6E63AB-3680-438E-9EC0-FF4376B2BC90}.Release|Any CPU.Build.0 = Release|Any CPU
	EndGlobalSection
	GlobalSection(SolutionProperties) = preSolution
		HideSolutionNode = FALSE
	EndGlobalSection
	GlobalSection(ExtensibilityGlobals) = postSolution
		SolutionGuid = {BEB445CD-9CF5-42DB-858E-CCDB731DCF43}
	EndGlobalSection
EndGlobal
